
Microsoft Visual Studio Solution File, Format Version 12.00
# Visual Studio Version 16
VisualStudioVersion = 16.0.31205.134
MinimumVisualStudioVersion = 10.0.40219.1
Project("{FAE04EC0-301F-11D3-BF4B-00C04F79EFBC}") = "TaskWithString", "TaskWithString\TaskWithString.csproj", "{48AE7F06-196D-41AD-948D-50FBB757168F}"
EndProject
Project("{FAE04EC0-301F-11D3-BF4B-00C04F79EFBC}") = "TaskWithString1", "TaskWithString1\TaskWithString1.csproj", "{B39D9E3E-3ACE-4AC8-96BA-3E540A249FE1}"
EndProject
Global
	GlobalSection(SolutionConfigurationPlatforms) = preSolution
		Debug|Any CPU = Debug|Any CPU
		Release|Any CPU = Release|Any CPU
	EndGlobalSection
	GlobalSection(ProjectConfigurationPlatforms) = postSolution
		{48AE7F06-196D-41AD-948D-50FBB757168F}.Debug|Any CPU.ActiveCfg = Debug|Any CPU
		{48AE7F06-196D-41AD-948D-50FBB757168F}.Debug|Any CPU.Build.0 = Debug|Any CPU
		{48AE7F06-196D-41AD-948D-50FBB757168F}.Release|Any CPU.ActiveCfg = Release|Any CPU
		{48AE7F06-196D-41AD-948D-50FBB757168F}.Release|Any CPU.Build.0 = Release|Any CPU
		{B39D9E3E-3ACE-4AC8-96BA-3E540A249FE1}.Debug|Any CPU.ActiveCfg = Debug|Any CPU
		{B39D9E3E-3ACE-4AC8-96BA-3E540A249FE1}.Debug|Any CPU.Build.0 = Debug|Any CPU
		{B39D9E3E-3ACE-4AC8-96BA-3E540A249FE1}.Release|Any CPU.ActiveCfg = Release|Any CPU
		{B39D9E3E-3ACE-4AC8-96BA-3E540A249FE1}.Release|Any CPU.Build.0 = Release|Any CPU
	EndGlobalSection
	GlobalSection(SolutionProperties) = preSolution
		HideSolutionNode = FALSE
	EndGlobalSection
	GlobalSection(ExtensibilityGlobals) = postSolution
		SolutionGuid = {B55EBD23-E267-49BD-B52E-41EAD15863E8}
	EndGlobalSection
EndGlobal
