
Microsoft Visual Studio Solution File, Format Version 12.00
# Visual Studio Version 16
VisualStudioVersion = 16.0.31205.134
MinimumVisualStudioVersion = 10.0.40219.1
Project("{FAE04EC0-301F-11D3-BF4B-00C04F79EFBC}") = "Pyramid", "Pyramid\Pyramid.csproj", "{6C4A3903-D685-4287-8522-047F7D58C383}"
EndProject
Global
	GlobalSection(SolutionConfigurationPlatforms) = preSolution
		Debug|Any CPU = Debug|Any CPU
		Release|Any CPU = Release|Any CPU
	EndGlobalSection
	GlobalSection(ProjectConfigurationPlatforms) = postSolution
		{6C4A3903-D685-4287-8522-047F7D58C383}.Debug|Any CPU.ActiveCfg = Debug|Any CPU
		{6C4A3903-D685-4287-8522-047F7D58C383}.Debug|Any CPU.Build.0 = Debug|Any CPU
		{6C4A3903-D685-4287-8522-047F7D58C383}.Release|Any CPU.ActiveCfg = Release|Any CPU
		{6C4A3903-D685-4287-8522-047F7D58C383}.Release|Any CPU.Build.0 = Release|Any CPU
	EndGlobalSection
	GlobalSection(SolutionProperties) = preSolution
		HideSolutionNode = FALSE
	EndGlobalSection
	GlobalSection(ExtensibilityGlobals) = postSolution
		SolutionGuid = {E6E535B9-82DE-4429-9D8A-D03E9DC3B30B}
	EndGlobalSection
EndGlobal
